// !$*UTF8*$!
{
	archiveVersion = 1;
	classes = {
	};
	objectVersion = 46;
	objects = {

/* Begin PBXBuildFile section */
		3D389D941C4ABF1600ABEECD /* AppDelegate.swift in Sources */ = {isa = PBXBuildFile; fileRef = 3D389D931C4ABF1600ABEECD /* AppDelegate.swift */; };
		3D389D961C4ABF1600ABEECD /* ViewController.swift in Sources */ = {isa = PBXBuildFile; fileRef = 3D389D951C4ABF1600ABEECD /* ViewController.swift */; };
		3D389D991C4ABF1600ABEECD /* Main.storyboard in Resources */ = {isa = PBXBuildFile; fileRef = 3D389D971C4ABF1600ABEECD /* Main.storyboard */; };
		3D389D9B1C4ABF1600ABEECD /* Images.xcassets in Resources */ = {isa = PBXBuildFile; fileRef = 3D389D9A1C4ABF1600ABEECD /* Images.xcassets */; };
		3D389D9E1C4ABF1600ABEECD /* LaunchScreen.xib in Resources */ = {isa = PBXBuildFile; fileRef = 3D389D9C1C4ABF1600ABEECD /* LaunchScreen.xib */; };
		3D389DAA1C4ABF1600ABEECD /* DemoCoreMotionTests.swift in Sources */ = {isa = PBXBuildFile; fileRef = 3D389DA91C4ABF1600ABEECD /* DemoCoreMotionTests.swift */; };
/* End PBXBuildFile section */

/* Begin PBXContainerItemProxy section */
		3D389DA41C4ABF1600ABEECD /* PBXContainerItemProxy */ = {
			isa = PBXContainerItemProxy;
			containerPortal = 3D389D861C4ABF1600ABEECD /* Project object */;
			proxyType = 1;
			remoteGlobalIDString = 3D389D8D1C4ABF1600ABEECD;
			remoteInfo = DemoCoreMotion;
		};
/* End PBXContainerItemProxy section */

/* Begin PBXFileReference section */
		3D389D8E1C4ABF1600ABEECD /* DemoCoreMotion.app */ = {isa = PBXFileReference; explicitFileType = wrapper.application; includeInIndex = 0; path = DemoCoreMotion.app; sourceTree = BUILT_PRODUCTS_DIR; };
		3D389D921C4ABF1600ABEECD /* Info.plist */ = {isa = PBXFileReference; lastKnownFileType = text.plist.xml; path = Info.plist; sourceTree = "<group>"; };
		3D389D931C4ABF1600ABEECD /* AppDelegate.swift */ = {isa = PBXFileReference; lastKnownFileType = sourcecode.swift; path = AppDelegate.swift; sourceTree = "<group>"; };
		3D389D951C4ABF1600ABEECD /* ViewController.swift */ = {isa = PBXFileReference; lastKnownFileType = sourcecode.swift; path = ViewController.swift; sourceTree = "<group>"; };
		3D389D981C4ABF1600ABEECD /* Base */ = {isa = PBXFileReference; lastKnownFileType = file.storyboard; name = Base; path = Base.lproj/Main.storyboard; sourceTree = "<group>"; };
		3D389D9A1C4ABF1600ABEECD /* Images.xcassets */ = {isa = PBXFileReference; lastKnownFileType = folder.assetcatalog; path = Images.xcassets; sourceTree = "<group>"; };
		3D389D9D1C4ABF1600ABEECD /* Base */ = {isa = PBXFileReference; lastKnownFileType = file.xib; name = Base; path = Base.lproj/LaunchScreen.xib; sourceTree = "<group>"; };
		3D389DA31C4ABF1600ABEECD /* DemoCoreMotionTests.xctest */ = {isa = PBXFileReference; explicitFileType = wrapper.cfbundle; includeInIndex = 0; path = DemoCoreMotionTests.xctest; sourceTree = BUILT_PRODUCTS_DIR; };
		3D389DA81C4ABF1600ABEECD /* Info.plist */ = {isa = PBXFileReference; lastKnownFileType = text.plist.xml; path = Info.plist; sourceTree = "<group>"; };
		3D389DA91C4ABF1600ABEECD /* DemoCoreMotionTests.swift */ = {isa = PBXFileReference; lastKnownFileType = sourcecode.swift; path = DemoCoreMotionTests.swift; sourceTree = "<group>"; };
/* End PBXFileReference section */

/* Begin PBXFrameworksBuildPhase section */
		3D389D8B1C4ABF1600ABEECD /* Frameworks */ = {
			isa = PBXFrameworksBuildPhase;
			buildActionMask = 2147483647;
			files = (
			);
			runOnlyForDeploymentPostprocessing = 0;
		};
		3D389DA01C4ABF1600ABEECD /* Frameworks */ = {
			isa = PBXFrameworksBuildPhase;
			buildActionMask = 2147483647;
			files = (
			);
			runOnlyForDeploymentPostprocessing = 0;
		};
/* End PBXFrameworksBuildPhase section */

/* Begin PBXGroup section */
		3D389D851C4ABF1600ABEECD = {
			isa = PBXGroup;
			children = (
				3D389D901C4ABF1600ABEECD /* DemoCoreMotion */,
				3D389DA61C4ABF1600ABEECD /* DemoCoreMotionTests */,
				3D389D8F1C4ABF1600ABEECD /* Products */,
			);
			sourceTree = "<group>";
		};
		3D389D8F1C4ABF1600ABEECD /* Products */ = {
			isa = PBXGroup;
			children = (
				3D389D8E1C4ABF1600ABEECD /* DemoCoreMotion.app */,
				3D389DA31C4ABF1600ABEECD /* DemoCoreMotionTests.xctest */,
			);
			name = Products;
			sourceTree = "<group>";
		};
		3D389D901C4ABF1600ABEECD /* DemoCoreMotion */ = {
			isa = PBXGroup;
			children = (
				3D389D931C4ABF1600ABEECD /* AppDelegate.swift */,
				3D389D951C4ABF1600ABEECD /* ViewController.swift */,
				3D389D971C4ABF1600ABEECD /* Main.storyboard */,
				3D389D9A1C4ABF1600ABEECD /* Images.xcassets */,
				3D389D9C1C4ABF1600ABEECD /* LaunchScreen.xib */,
				3D389D911C4ABF1600ABEECD /* Supporting Files */,
			);
			path = DemoCoreMotion;
			sourceTree = "<group>";
		};
		3D389D911C4ABF1600ABEECD /* Supporting Files */ = {
			isa = PBXGroup;
			children = (
				3D389D921C4ABF1600ABEECD /* Info.plist */,
			);
			name = "Supporting Files";
			sourceTree = "<group>";
		};
		3D389DA61C4ABF1600ABEECD /* DemoCoreMotionTests */ = {
			isa = PBXGroup;
			children = (
				3D389DA91C4ABF1600ABEECD /* DemoCoreMotionTests.swift */,
				3D389DA71C4ABF1600ABEECD /* Supporting Files */,
			);
			path = DemoCoreMotionTests;
			sourceTree = "<group>";
		};
		3D389DA71C4ABF1600ABEECD /* Supporting Files */ = {
			isa = PBXGroup;
			children = (
				3D389DA81C4ABF1600ABEECD /* Info.plist */,
			);
			name = "Supporting Files";
			sourceTree = "<group>";
		};
/* End PBXGroup section */

/* Begin PBXNativeTarget section */
		3D389D8D1C4ABF1600ABEECD /* DemoCoreMotion */ = {
			isa = PBXNativeTarget;
			buildConfigurationList = 3D389DAD1C4ABF1600ABEECD /* Build configuration list for PBXNativeTarget "DemoCoreMotion" */;
			buildPhases = (
				3D389D8A1C4ABF1600ABEECD /* Sources */,
				3D389D8B1C4ABF1600ABEECD /* Frameworks */,
				3D389D8C1C4ABF1600ABEECD /* Resources */,
			);
			buildRules = (
			);
			dependencies = (
			);
			name = DemoCoreMotion;
			productName = DemoCoreMotion;
			productReference = 3D389D8E1C4ABF1600ABEECD /* DemoCoreMotion.app */;
			productType = "com.apple.product-type.application";
		};
		3D389DA21C4ABF1600ABEECD /* DemoCoreMotionTests */ = {
			isa = PBXNativeTarget;
			buildConfigurationList = 3D389DB01C4ABF1600ABEECD /* Build configuration list for PBXNativeTarget "DemoCoreMotionTests" */;
			buildPhases = (
				3D389D9F1C4ABF1600ABEECD /* Sources */,
				3D389DA01C4ABF1600ABEECD /* Frameworks */,
				3D389DA11C4ABF1600ABEECD /* Resources */,
			);
			buildRules = (
			);
			dependencies = (
				3D389DA51C4ABF1600ABEECD /* PBXTargetDependency */,
			);
			name = DemoCoreMotionTests;
			productName = DemoCoreMotionTests;
			productReference = 3D389DA31C4ABF1600ABEECD /* DemoCoreMotionTests.xctest */;
			productType = "com.apple.product-type.bundle.unit-test";
		};
/* End PBXNativeTarget section */

/* Begin PBXProject section */
		3D389D861C4ABF1600ABEECD /* Project object */ = {
			isa = PBXProject;
			attributes = {
				LastUpgradeCheck = 0620;
				ORGANIZATIONNAME = UPC;
				TargetAttributes = {
					3D389D8D1C4ABF1600ABEECD = {
						CreatedOnToolsVersion = 6.2;
					};
					3D389DA21C4ABF1600ABEECD = {
						CreatedOnToolsVersion = 6.2;
						TestTargetID = 3D389D8D1C4ABF1600ABEECD;
					};
				};
			};
			buildConfigurationList = 3D389D891C4ABF1600ABEECD /* Build configuration list for PBXProject "DemoCoreMotion" */;
			compatibilityVersion = "Xcode 3.2";
			developmentRegion = English;
			hasScannedForEncodings = 0;
			knownRegions = (
				en,
				Base,
			);
			mainGroup = 3D389D851C4ABF1600ABEECD;
			productRefGroup = 3D389D8F1C4ABF1600ABEECD /* Products */;
			projectDirPath = "";
			projectRoot = "";
			targets = (
				3D389D8D1C4ABF1600ABEECD /* DemoCoreMotion */,
				3D389DA21C4ABF1600ABEECD /* DemoCoreMotionTests */,
			);
		};
/* End PBXProject section */

/* Begin PBXResourcesBuildPhase section */
		3D389D8C1C4ABF1600ABEECD /* Resources */ = {
			isa = PBXResourcesBuildPhase;
			buildActionMask = 2147483647;
			files = (
				3D389D991C4ABF1600ABEECD /* Main.storyboard in Resources */,
				3D389D9E1C4ABF1600ABEECD /* LaunchScreen.xib in Resources */,
				3D389D9B1C4ABF1600ABEECD /* Images.xcassets in Resources */,
			);
			runOnlyForDeploymentPostprocessing = 0;
		};
		3D389DA11C4ABF1600ABEECD /* Resources */ = {
			isa = PBXResourcesBuildPhase;
			buildActionMask = 2147483647;
			files = (
			);
			runOnlyForDeploymentPostprocessing = 0;
		};
/* End PBXResourcesBuildPhase section */

/* Begin PBXSourcesBuildPhase section */
		3D389D8A1C4ABF1600ABEECD /* Sources */ = {
			isa = PBXSourcesBuildPhase;
			buildActionMask = 2147483647;
			files = (
				3D389D961C4ABF1600ABEECD /* ViewController.swift in Sources */,
				3D389D941C4ABF1600ABEECD /* AppDelegate.swift in Sources */,
			);
			runOnlyForDeploymentPostprocessing = 0;
		};
		3D389D9F1C4ABF1600ABEECD /* Sources */ = {
			isa = PBXSourcesBuildPhase;
			buildActionMask = 2147483647;
			files = (
				3D389DAA1C4ABF1600ABEECD /* DemoCoreMotionTests.swift in Sources */,
			);
			runOnlyForDeploymentPostprocessing = 0;
		};
/* End PBXSourcesBuildPhase section */

/* Begin PBXTargetDependency section */
		3D389DA51C4ABF1600ABEECD /* PBXTargetDependency */ = {
			isa = PBXTargetDependency;
			target = 3D389D8D1C4ABF1600ABEECD /* DemoCoreMotion */;
			targetProxy = 3D389DA41C4ABF1600ABEECD /* PBXContainerItemProxy */;
		};
/* End PBXTargetDependency section */

/* Begin PBXVariantGroup section */
		3D389D971C4ABF1600ABEECD /* Main.storyboard */ = {
			isa = PBXVariantGroup;
			children = (
				3D389D981C4ABF1600ABEECD /* Base */,
			);
			name = Main.storyboard;
			sourceTree = "<group>";
		};
		3D389D9C1C4ABF1600ABEECD /* LaunchScreen.xib */ = {
			isa = PBXVariantGroup;
			children = (
				3D389D9D1C4ABF1600ABEECD /* Base */,
			);
			name = LaunchScreen.xib;
			sourceTree = "<group>";
		};
/* End PBXVariantGroup section */

/* Begin XCBuildConfiguration section */
		3D389DAB1C4ABF1600ABEECD /* Debug */ = {
			isa = XCBuildConfiguration;
			buildSettings = {
				ALWAYS_SEARCH_USER_PATHS = NO;
				CLANG_CXX_LANGUAGE_STANDARD = "gnu++0x";
				CLANG_CXX_LIBRARY = "libc++";
				CLANG_ENABLE_MODULES = YES;
				CLANG_ENABLE_OBJC_ARC = YES;
				CLANG_WARN_BOOL_CONVERSION = YES;
				CLANG_WARN_CONSTANT_CONVERSION = YES;
				CLANG_WARN_DIRECT_OBJC_ISA_USAGE = YES_ERROR;
				CLANG_WARN_EMPTY_BODY = YES;
				CLANG_WARN_ENUM_CONVERSION = YES;
				CLANG_WARN_INT_CONVERSION = YES;
				CLANG_WARN_OBJC_ROOT_CLASS = YES_ERROR;
				CLANG_WARN_UNREACHABLE_CODE = YES;
				CLANG_WARN__DUPLICATE_METHOD_MATCH = YES;
				"CODE_SIGN_IDENTITY[sdk=iphoneos*]" = "iPhone Developer";
				COPY_PHASE_STRIP = NO;
				ENABLE_STRICT_OBJC_MSGSEND = YES;
				GCC_C_LANGUAGE_STANDARD = gnu99;
				GCC_DYNAMIC_NO_PIC = NO;
				GCC_OPTIMIZATION_LEVEL = 0;
				GCC_PREPROCESSOR_DEFINITIONS = (
					"DEBUG=1",
					"$(inherited)",
				);
				GCC_SYMBOLS_PRIVATE_EXTERN = NO;
				GCC_WARN_64_TO_32_BIT_CONVERSION = YES;
				GCC_WARN_ABOUT_RETURN_TYPE = YES_ERROR;
				GCC_WARN_UNDECLARED_SELECTOR = YES;
				GCC_WARN_UNINITIALIZED_AUTOS = YES_AGGRESSIVE;
				GCC_WARN_UNUSED_FUNCTION = YES;
				GCC_WARN_UNUSED_VARIABLE = YES;
				IPHONEOS_DEPLOYMENT_TARGET = 8.2;
				MTL_ENABLE_DEBUG_INFO = YES;
				ONLY_ACTIVE_ARCH = YES;
				SDKROOT = iphoneos;
				SWIFT_OPTIMIZATION_LEVEL = "-Onone";
				TARGETED_DEVICE_FAMILY = 2;
			};
			name = Debug;
		};
		3D389DAC1C4ABF1600ABEECD /* Release */ = {
			isa = XCBuildConfiguration;
			buildSettings = {
				ALWAYS_SEARCH_USER_PATHS = NO;
				CLANG_CXX_LANGUAGE_STANDARD = "gnu++0x";
				CLANG_CXX_LIBRARY = "libc++";
				CLANG_ENABLE_MODULES = YES;
				CLANG_ENABLE_OBJC_ARC = YES;
				CLANG_WARN_BOOL_CONVERSION = YES;
				CLANG_WARN_CONSTANT_CONVERSION = YES;
				CLANG_WARN_DIRECT_OBJC_ISA_USAGE = YES_ERROR;
				CLANG_WARN_EMPTY_BODY = YES;
				CLANG_WARN_ENUM_CONVERSION = YES;
				CLANG_WARN_INT_CONVERSION = YES;
				CLANG_WARN_OBJC_ROOT_CLASS = YES_ERROR;
				CLANG_WARN_UNREACHABLE_CODE = YES;
				CLANG_WARN__DUPLICATE_METHOD_MATCH = YES;
				"CODE_SIGN_IDENTITY[sdk=iphoneos*]" = "iPhone Developer";
				COPY_PHASE_STRIP = NO;
				ENABLE_NS_ASSERTIONS = NO;
				ENABLE_STRICT_OBJC_MSGSEND = YES;
				GCC_C_LANGUAGE_STANDARD = gnu99;
				GCC_WARN_64_TO_32_BIT_CONVERSION = YES;
				GCC_WARN_ABOUT_RETURN_TYPE = YES_ERROR;
				GCC_WARN_UNDECLARED_SELECTOR = YES;
				GCC_WARN_UNINITIALIZED_AUTOS = YES_AGGRESSIVE;
				GCC_WARN_UNUSED_FUNCTION = YES;
				GCC_WARN_UNUSED_VARIABLE = YES;
				IPHONEOS_DEPLOYMENT_TARGET = 8.2;
				MTL_ENABLE_DEBUG_INFO = NO;
				SDKROOT = iphoneos;
				TARGETED_DEVICE_FAMILY = 2;
				VALIDATE_PRODUCT = YES;
			};
			name = Release;
		};
		3D389DAE1C4ABF1600ABEECD /* Debug */ = {
			isa = XCBuildConfiguration;
			buildSettings = {
				ASSETCATALOG_COMPILER_APPICON_NAME = AppIcon;
				INFOPLIST_FILE = DemoCoreMotion/Info.plist;
				LD_RUNPATH_SEARCH_PATHS = "$(inherited) @executable_path/Frameworks";
				PRODUCT_NAME = "$(TARGET_NAME)";
			};
			name = Debug;
		};
		3D389DAF1C4ABF1600ABEECD /* Release */ = {
			isa = XCBuildConfiguration;
			buildSettings = {
				ASSETCATALOG_COMPILER_APPICON_NAME = AppIcon;
				INFOPLIST_FILE = DemoCoreMotion/Info.plist;
				LD_RUNPATH_SEARCH_PATHS = "$(inherited) @executable_path/Frameworks";
				PRODUCT_NAME = "$(TARGET_NAME)";
			};
			name = Release;
		};
		3D389DB11C4ABF1600ABEECD /* Debug */ = {
			isa = XCBuildConfiguration;
			buildSettings = {
				BUNDLE_LOADER = "$(TEST_HOST)";
				FRAMEWORK_SEARCH_PATHS = (
					"$(SDKROOT)/Developer/Library/Frameworks",
					"$(inherited)",
				);
				GCC_PREPROCESSOR_DEFINITIONS = (
					"DEBUG=1",
					"$(inherited)",
				);
				INFOPLIST_FILE = DemoCoreMotionTests/Info.plist;
				LD_RUNPATH_SEARCH_PATHS = "$(inherited) @executable_path/Frameworks @loader_path/Frameworks";
				PRODUCT_NAME = "$(TARGET_NAME)";
				TEST_HOST = "$(BUILT_PRODUCTS_DIR)/DemoCoreMotion.app/DemoCoreMotion";
			};
			name = Debug;
		};
		3D389DB21C4ABF1600ABEECD /* Release */ = {
			isa = XCBuildConfiguration;
			buildSettings = {
				BUNDLE_LOADER = "$(TEST_HOST)";
				FRAMEWORK_SEARCH_PATHS = (
					"$(SDKROOT)/Developer/Library/Frameworks",
					"$(inherited)",
				);
				INFOPLIST_FILE = DemoCoreMotionTests/Info.plist;
				LD_RUNPATH_SEARCH_PATHS = "$(inherited) @executable_path/Frameworks @loader_path/Frameworks";
				PRODUCT_NAME = "$(TARGET_NAME)";
				TEST_HOST = "$(BUILT_PRODUCTS_DIR)/DemoCoreMotion.app/DemoCoreMotion";
			};
			name = Release;
		};
/* End XCBuildConfiguration section */

/* Begin XCConfigurationList section */
		3D389D891C4ABF1600ABEECD /* Build configuration list for PBXProject "DemoCoreMotion" */ = {
			isa = XCConfigurationList;
			buildConfigurations = (
				3D389DAB1C4ABF1600ABEECD /* Debug */,
				3D389DAC1C4ABF1600ABEECD /* Release */,
			);
			defaultConfigurationIsVisible = 0;
			defaultConfigurationName = Release;
		};
		3D389DAD1C4ABF1600ABEECD /* Build configuration list for PBXNativeTarget "DemoCoreMotion" */ = {
			isa = XCConfigurationList;
			buildConfigurations = (
				3D389DAE1C4ABF1600ABEECD /* Debug */,
				3D389DAF1C4ABF1600ABEECD /* Release */,
			);
			defaultConfigurationIsVisible = 0;
		};
		3D389DB01C4ABF1600ABEECD /* Build configuration list for PBXNativeTarget "DemoCoreMotionTests" */ = {
			isa = XCConfigurationList;
			buildConfigurations = (
				3D389DB11C4ABF1600ABEECD /* Debug */,
				3D389DB21C4ABF1600ABEECD /* Release */,
			);
			defaultConfigurationIsVisible = 0;
		};
/* End XCConfigurationList section */
	};
	rootObject = 3D389D861C4ABF1600ABEECD /* Project object */;
}
